PODS:
  - Kingfisher (5.13.3):
    - Kingfisher/Core (= 5.13.3)
  - Kingfisher/Core (5.13.3)
  - SDWebImage (5.7.0):
    - SDWebImage/Core (= 5.7.0)
  - SDWebImage/Core (5.7.0)
  - ZSViewUtil (0.4.0):
    - Kingfisher
    - SDWebImage
    - ZSViewUtil/All (= 0.4.0)
  - ZSViewUtil/All (0.4.0):
    - Kingfisher
    - SDWebImage

DEPENDENCIES:
  - ZSViewUtil (from `../`)

SPEC REPOS:
  trunk:
    - Kingfisher
    - SDWebImage

EXTERNAL SOURCES:
  ZSViewUtil:
    :path: "../"

SPEC CHECKSUMS:
  Kingfisher: d2b3d6a7200c93b34de9afcdf25c8dd9282ec277
  SDWebImage: a99471f452bdfa0ca52ddf5b1adf2b61cab1d1eb
  ZSViewUtil: 8012c1f5b44d230f557b78865d039701eab664ff

PODFILE CHECKSUM: d886b760df95e1c9826d5a86bed20a77e8aa177f

COCOAPODS: 1.9.0
