PODS:
  - ZSViewUtil (0.3.3):
    - ZSViewUtil/All (= 0.3.3)
  - ZSViewUtil/All (0.3.3)

DEPENDENCIES:
  - ZSViewUtil (from `../`)

EXTERNAL SOURCES:
  ZSViewUtil:
    :path: "../"

SPEC CHECKSUMS:
  ZSViewUtil: b73555da623bec591560ca86eddc686f78b656ce

PODFILE CHECKSUM: d886b760df95e1c9826d5a86bed20a77e8aa177f

COCOAPODS: 1.9.0.beta.2
