PODS:
  - Kingfisher (5.14.0):
    - Kingfisher/Core (= 5.14.0)
  - Kingfisher/Core (5.14.0)
  - ZSViewUtil (0.6.0):
    - ZSViewUtil/All (= 0.6.0)
  - ZSViewUtil/All (0.6.0)

DEPENDENCIES:
  - Kingfisher
  - ZSViewUtil (from `../`)

SPEC REPOS:
  trunk:
    - Kingfisher

EXTERNAL SOURCES:
  ZSViewUtil:
    :path: "../"

SPEC CHECKSUMS:
  Kingfisher: 7b64389a43139c903ec434788344c288217c792d
  ZSViewUtil: e3619945f24fbaeac60c5b367a9412a7cbd9998f

PODFILE CHECKSUM: a273de73e8bb3e5c951d0161dfa460b0942e1557

COCOAPODS: 1.9.3
